# This file was autogenerated by Stack.
# You should not edit this file by hand.
# For more information, please see the documentation at:
#   https://docs.haskellstack.org/en/stable/lock_files

packages:
- completed:
    hackage: sdl2-2.5.2.0@sha256:917ddb3c8421e8e6f9caaa4b143d485e797c9053de9fabee4ac87c873cffeb01,11303
    pantry-tree:
      size: 6571
      sha256: 751a3d9763f74d6b5e7c956bd8a25e20f7443bce69d0c7dda0421d89616e3b2a
  original:
    hackage: sdl2-2.5.2.0
- completed:
    hackage: linear-1.21.3@sha256:e53ed744e36ef6c73e120c2da271e88fc3c4210b37eb090c77d1bbe0c4fed2dc,4289
    pantry-tree:
      size: 2211
      sha256: add84e87726ba0ab410237ea0c2c7d9ed35a2ca51bc4935ba36da87f711e0de9
  original:
    hackage: linear-1.21.3
- completed:
    hackage: sdl2-image-2.0.0@sha256:d5604b6db4d8d8be0bc861df3aa58c46ff3d2c1af37571403eb6681edab8e110,1491
    pantry-tree:
      size: 461
      sha256: bae0336e4a8d37d229748418cc824cf01cb0ddf4bf4b3f7cc27916dcbfb0b798
  original:
    hackage: sdl2-image-2.0.0
- completed:
    hackage: vector-0.12.1.2@sha256:9291bc581f36e51d5bda9fce57cb980fbec3dd292996896f285fef39eb80a9a0,7364
    pantry-tree:
      size: 3784
      sha256: f79eefc8ba2b57ded2276f48046e64663d37b210b6047b6b6ecb30c9da196216
  original:
    hackage: vector-0.12.1.2
- completed:
    hackage: process-1.6.10.0@sha256:c0d2d8adaca7cea7ceaa60e67b61c775dc03727b83bdb1c97aa8cbeac9f5dd84,2469
    pantry-tree:
      size: 1211
      sha256: 6e90778b5105753d7de0f7a0c502dadf8f04825f17a36186aa801e56ef7ca206
  original:
    hackage: process-1.6.10.0
- completed:
    hackage: Cabal-3.0.2.0@sha256:f45ee078a8529d1ad3993767345ac83304c7f2ff5eec02c455a1dc200ad22c67,26714
    pantry-tree:
      size: 40207
      sha256: 653461a4e58b10a6ef9d6ed5e07b1f8839ed46b4673133ecbe3899a48d6b983b
  original:
    hackage: Cabal-3.0.2.0
- completed:
    hackage: containers-0.6.2.1@sha256:bbc3d2d5eef59a5d26383fb4b727c968390f2b6e9bd413d29aa875175bb16f8b,2460
    pantry-tree:
      size: 2823
      sha256: 5bb0af2da4e4cc5472a17063ecdbda8f1117e5f3509fcd600f2cbd7e2b760f49
  original:
    hackage: containers-0.6.2.1
- completed:
    hackage: file-embed-0.0.13.0@sha256:a819e90b91cab919ffef5895ab6e1b2a44eac395a585f489b0c289a4a12d1c54,1396
    pantry-tree:
      size: 477
      sha256: 6c8f71ca993658844b93a2120f2ff1536400e705890a6fbf0f4e9889ff502649
  original:
    hackage: file-embed-0.0.13.0
- completed:
    hackage: bytestring-0.10.10.1@sha256:e5b6d71a8517bbbc035b32272100fdd2e2bc938af9af33cb04e6219819d27d62,10493
    pantry-tree:
      size: 2789
      sha256: 0106adcf94258296d9d8656fa5c85bc9da78b307604648b804c9837feec64fa9
  original:
    hackage: bytestring-0.10.10.1
snapshots:
- completed:
    size: 532177
    url: https://raw.githubusercontent.com/commercialhaskell/stackage-snapshots/master/lts/16/20.yaml
    sha256: 0e14ba5603f01e8496e8984fd84b545a012ca723f51a098c6c9d3694e404dc6d
  original: lts-16.20
